<?xml version="1.0" encoding="utf-8"?>
<Project ToolsVersion="4.0" xmlns="http://schemas.microsoft.com/developer/msbuild/2003">
  <ItemGroup>
    <Filter Include="src">
      <UniqueIdentifier>{59d6fd4a-c131-42c3-ba29-bada2af34a9c}</UniqueIdentifier>
    </Filter>
    <Filter Include="include">
      <UniqueIdentifier>{978eb991-c8a4-4206-8036-1012f9d9a0f1}</UniqueIdentifier>
    </Filter>
  </ItemGroup>
  <ItemGroup>
    <ClCompile Include="..\src\main.cpp">
      <Filter>src</Filter>
    </ClCompile>
    <ClCompile Include="..\src\pseudofat_defrag.cpp">
      <Filter>src</Filter>
    </ClCompile>
    <ClCompile Include="..\src\pseudofat_checker.cpp">
      <Filter>src</Filter>
    </ClCompile>
    <ClCompile Include="..\src\pseudofat_reader.cpp">
      <Filter>src</Filter>
    </ClCompile>
    <ClCompile Include="..\src\pseudofat_writer.cpp">
      <Filter>src</Filter>
    </ClCompile>
  </ItemGroup>
  <ItemGroup>
    <ClInclude Include="..\src\global.h">
      <Filter>include</Filter>
    </ClInclude>
    <ClInclude Include="..\src\pseudofat.h">
      <Filter>include</Filter>
    </ClInclude>
  </ItemGroup>
</Project>